
Microsoft Visual Studio Solution File, Format Version 12.00
# Visual Studio 2013
VisualStudioVersion = 12.0.31101.0
MinimumVisualStudioVersion = 10.0.40219.1
Project("{FAE04EC0-301F-11D3-BF4B-00C04F79EFBC}") = "Recorder", "Recorder\Recorder.csproj", "{3FB077D8-7194-4675-9356-2575721C5525}"
EndProject
Project("{FAE04EC0-301F-11D3-BF4B-00C04F79EFBC}") = "Common", "Common\Common.csproj", "{E4E814F8-022E-426F-A870-BA5F38D21CB1}"
EndProject
Project("{FAE04EC0-301F-11D3-BF4B-00C04F79EFBC}") = "DAL", "DAL\DAL.csproj", "{FA37B555-F855-4194-87A0-A8337AD59795}"
EndProject
Project("{FAE04EC0-301F-11D3-BF4B-00C04F79EFBC}") = "BLL", "BLL\BLL.csproj", "{D68EB177-49AF-49DE-BA7D-22C7C8249BA3}"
EndProject
Project("{FAE04EC0-301F-11D3-BF4B-00C04F79EFBC}") = "DataModel", "DataModel\DataModel.csproj", "{6870CE31-79FF-4BCF-872F-53E9BFAE77E8}"
EndProject
Global
	GlobalSection(SolutionConfigurationPlatforms) = preSolution
		Debug|Any CPU = Debug|Any CPU
		Release|Any CPU = Release|Any CPU
	EndGlobalSection
	GlobalSection(ProjectConfigurationPlatforms) = postSolution
		{3FB077D8-7194-4675-9356-2575721C5525}.Debug|Any CPU.ActiveCfg = Debug|Any CPU
		{3FB077D8-7194-4675-9356-2575721C5525}.Debug|Any CPU.Build.0 = Debug|Any CPU
		{3FB077D8-7194-4675-9356-2575721C5525}.Release|Any CPU.ActiveCfg = Release|Any CPU
		{3FB077D8-7194-4675-9356-2575721C5525}.Release|Any CPU.Build.0 = Release|Any CPU
		{E4E814F8-022E-426F-A870-BA5F38D21CB1}.Debug|Any CPU.ActiveCfg = Debug|Any CPU
		{E4E814F8-022E-426F-A870-BA5F38D21CB1}.Debug|Any CPU.Build.0 = Debug|Any CPU
		{E4E814F8-022E-426F-A870-BA5F38D21CB1}.Release|Any CPU.ActiveCfg = Release|Any CPU
		{E4E814F8-022E-426F-A870-BA5F38D21CB1}.Release|Any CPU.Build.0 = Release|Any CPU
		{FA37B555-F855-4194-87A0-A8337AD59795}.Debug|Any CPU.ActiveCfg = Debug|Any CPU
		{FA37B555-F855-4194-87A0-A8337AD59795}.Debug|Any CPU.Build.0 = Debug|Any CPU
		{FA37B555-F855-4194-87A0-A8337AD59795}.Release|Any CPU.ActiveCfg = Release|Any CPU
		{FA37B555-F855-4194-87A0-A8337AD59795}.Release|Any CPU.Build.0 = Release|Any CPU
		{D68EB177-49AF-49DE-BA7D-22C7C8249BA3}.Debug|Any CPU.ActiveCfg = Debug|Any CPU
		{D68EB177-49AF-49DE-BA7D-22C7C8249BA3}.Debug|Any CPU.Build.0 = Debug|Any CPU
		{D68EB177-49AF-49DE-BA7D-22C7C8249BA3}.Release|Any CPU.ActiveCfg = Release|Any CPU
		{D68EB177-49AF-49DE-BA7D-22C7C8249BA3}.Release|Any CPU.Build.0 = Release|Any CPU
		{6870CE31-79FF-4BCF-872F-53E9BFAE77E8}.Debug|Any CPU.ActiveCfg = Debug|Any CPU
		{6870CE31-79FF-4BCF-872F-53E9BFAE77E8}.Debug|Any CPU.Build.0 = Debug|Any CPU
		{6870CE31-79FF-4BCF-872F-53E9BFAE77E8}.Release|Any CPU.ActiveCfg = Release|Any CPU
		{6870CE31-79FF-4BCF-872F-53E9BFAE77E8}.Release|Any CPU.Build.0 = Release|Any CPU
	EndGlobalSection
	GlobalSection(SolutionProperties) = preSolution
		HideSolutionNode = FALSE
	EndGlobalSection
EndGlobal
